
Microsoft Visual Studio Solution File, Format Version 12.00
# Visual Studio 15
VisualStudioVersion = 15.0.28307.329
MinimumVisualStudioVersion = 10.0.40219.1
Project("{9A19103F-16F7-4668-BE54-9A1E7A4F7556}") = "AutoValidator", "AutoValidator\AutoValidator.csproj", "{80953447-8292-4658-8C3D-D2019AE989A9}"
EndProject
Project("{FAE04EC0-301F-11D3-BF4B-00C04F79EFBC}") = "AutoValidator.Tests", "AutoValidator.Tests\AutoValidator.Tests.csproj", "{094EE451-5F54-4E66-AA09-37170708BC15}"
EndProject
Global
	GlobalSection(SolutionConfigurationPlatforms) = preSolution
		Debug|Any CPU = Debug|Any CPU
		Release|Any CPU = Release|Any CPU
	EndGlobalSection
	GlobalSection(ProjectConfigurationPlatforms) = postSolution
		{80953447-8292-4658-8C3D-D2019AE989A9}.Debug|Any CPU.ActiveCfg = Debug|Any CPU
		{80953447-8292-4658-8C3D-D2019AE989A9}.Debug|Any CPU.Build.0 = Debug|Any CPU
		{80953447-8292-4658-8C3D-D2019AE989A9}.Release|Any CPU.ActiveCfg = Release|Any CPU
		{80953447-8292-4658-8C3D-D2019AE989A9}.Release|Any CPU.Build.0 = Release|Any CPU
		{094EE451-5F54-4E66-AA09-37170708BC15}.Debug|Any CPU.ActiveCfg = Debug|Any CPU
		{094EE451-5F54-4E66-AA09-37170708BC15}.Debug|Any CPU.Build.0 = Debug|Any CPU
		{094EE451-5F54-4E66-AA09-37170708BC15}.Release|Any CPU.ActiveCfg = Release|Any CPU
		{094EE451-5F54-4E66-AA09-37170708BC15}.Release|Any CPU.Build.0 = Release|Any CPU
	EndGlobalSection
	GlobalSection(SolutionProperties) = preSolution
		HideSolutionNode = FALSE
	EndGlobalSection
	GlobalSection(ExtensibilityGlobals) = postSolution
		SolutionGuid = {1508F8D4-2C39-4C9B-B0E6-4596F06C4D28}
	EndGlobalSection
EndGlobal
